
Microsoft Visual Studio Solution File, Format Version 12.00
# Visual Studio Version 16
VisualStudioVersion = 16.0.32510.428
MinimumVisualStudioVersion = 10.0.40219.1
Project("{159641D6-6404-4A2A-AE62-294DE0FE8301}") = "BIDWH", "BIDWH\BIDWH.dtproj", "{E2BE864F-E0C2-42AA-815D-DD95B0DEFD00}"
EndProject
Global
	GlobalSection(SolutionConfigurationPlatforms) = preSolution
		Development|Default = Development|Default
	EndGlobalSection
	GlobalSection(ProjectConfigurationPlatforms) = postSolution
		{E2BE864F-E0C2-42AA-815D-DD95B0DEFD00}.Development|Default.ActiveCfg = Development
		{E2BE864F-E0C2-42AA-815D-DD95B0DEFD00}.Development|Default.Build.0 = Development
	EndGlobalSection
	GlobalSection(SolutionProperties) = preSolution
		HideSolutionNode = FALSE
	EndGlobalSection
	GlobalSection(ExtensibilityGlobals) = postSolution
		SolutionGuid = {8AED7996-BF9E-4F2E-8531-2A664723457A}
	EndGlobalSection
EndGlobal
